<?xml version="1.0" encoding="utf-8"?>
<Project ToolsVersion="4.0" xmlns="http://schemas.microsoft.com/developer/msbuild/2003">
  <ItemGroup>
    <Filter Include="00.Default">
      <UniqueIdentifier>{c88f0cfd-5ead-44d5-aa1d-ca9b017f88a5}</UniqueIdentifier>
    </Filter>
    <Filter Include="01. Header">
      <UniqueIdentifier>{405fb853-39cb-4d8e-adaf-16b8e868df7f}</UniqueIdentifier>
    </Filter>
    <Filter Include="02. Engine">
      <UniqueIdentifier>{f5a6c7dd-c7fb-44e2-9b39-f04678722f0b}</UniqueIdentifier>
    </Filter>
    <Filter Include="Module">
      <UniqueIdentifier>{63fb5cec-cafc-4cc9-a7e6-decad9e5a0e5}</UniqueIdentifier>
    </Filter>
    <Filter Include="03. Device">
      <UniqueIdentifier>{cdd5a71c-23dd-4d9b-a332-4b6695a17226}</UniqueIdentifier>
    </Filter>
    <Filter Include="04. Manager">
      <UniqueIdentifier>{b49e05df-d109-42d7-8ec4-4720c6cc9136}</UniqueIdentifier>
    </Filter>
    <Filter Include="04. Manager\08. TaskMgr">
      <UniqueIdentifier>{6321dfa3-6576-4ba9-a346-dc56844d4bbd}</UniqueIdentifier>
    </Filter>
    <Filter Include="HLSL">
      <UniqueIdentifier>{53cc0cca-f2e5-4c89-b2c0-3255109a1730}</UniqueIdentifier>
    </Filter>
    <Filter Include="HLSL\01. Header">
      <UniqueIdentifier>{ba29f7e1-da2c-4f63-9fc1-2b4d66b6f2c1}</UniqueIdentifier>
    </Filter>
    <Filter Include="HLSL\02. Render">
      <UniqueIdentifier>{ee043822-c73f-4f73-92dd-d8d003766af7}</UniqueIdentifier>
    </Filter>
    <Filter Include="HLSL\03. Compute">
      <UniqueIdentifier>{3eff1b80-17d8-4519-ba65-c2fe1049f868}</UniqueIdentifier>
    </Filter>
    <Filter Include="05. Level">
      <UniqueIdentifier>{6538ec8e-d992-4c03-abe0-476ed117fe4c}</UniqueIdentifier>
    </Filter>
    <Filter Include="06. GameObject">
      <UniqueIdentifier>{bd2d231f-adbc-4b48-ab58-2dfe8cf7b504}</UniqueIdentifier>
    </Filter>
    <Filter Include="07. Component">
      <UniqueIdentifier>{09a5a5a3-85fb-4484-a1be-ade3b094afb9}</UniqueIdentifier>
    </Filter>
    <Filter Include="08. Asset">
      <UniqueIdentifier>{f339c10c-1574-4b35-b14d-0778a3b67932}</UniqueIdentifier>
    </Filter>
    <Filter Include="08. Asset\01. Mesh">
      <UniqueIdentifier>{983b870b-9bdc-40db-9cb5-a5b9f1357f70}</UniqueIdentifier>
    </Filter>
    <Filter Include="08. Asset\02. MeshData">
      <UniqueIdentifier>{aad987c1-7ce4-471d-a4f2-14ae12017d27}</UniqueIdentifier>
    </Filter>
    <Filter Include="08. Asset\03. Texture">
      <UniqueIdentifier>{c1507f25-c3da-4c39-9bfc-7308e9bdf9f7}</UniqueIdentifier>
    </Filter>
    <Filter Include="08. Asset\04. Sound">
      <UniqueIdentifier>{fd0e6650-aa3a-4655-975f-807a60baae8b}</UniqueIdentifier>
    </Filter>
    <Filter Include="08. Asset\05. Prefab">
      <UniqueIdentifier>{e5071245-460e-4265-aa28-9d2860943cee}</UniqueIdentifier>
    </Filter>
    <Filter Include="08. Asset\06. FlipBook">
      <UniqueIdentifier>{6d6797cf-d015-434c-893d-47079e598388}</UniqueIdentifier>
    </Filter>
    <Filter Include="08. Asset\07. Sprite">
      <UniqueIdentifier>{cbcf30d5-68ce-482f-9fa3-57d9b61fe0e8}</UniqueIdentifier>
    </Filter>
    <Filter Include="08. Asset\08. Material">
      <UniqueIdentifier>{b098b3d3-3745-4ae7-a567-c22bbea77bc8}</UniqueIdentifier>
    </Filter>
    <Filter Include="08. Asset\Shader">
      <UniqueIdentifier>{2eaf3abf-7d80-4f7f-8c32-ecfc2a39e58f}</UniqueIdentifier>
    </Filter>
    <Filter Include="08. Asset\Shader\01. GraphicShader">
      <UniqueIdentifier>{7d2be51f-2ecb-4499-8aaf-1c6ac1d259f5}</UniqueIdentifier>
    </Filter>
    <Filter Include="08. Asset\Shader\02. ComputeShader">
      <UniqueIdentifier>{8a9079f7-82a8-4052-81fd-e04b0864050c}</UniqueIdentifier>
    </Filter>
    <Filter Include="03. Device\ConstBuffer">
      <UniqueIdentifier>{6854f670-7895-4462-af2a-3fd24ba1b647}</UniqueIdentifier>
    </Filter>
    <Filter Include="03. Device\StructureBuffer">
      <UniqueIdentifier>{6f7b94ca-b4b9-43a8-a280-4325afd408ac}</UniqueIdentifier>
    </Filter>
    <Filter Include="07. Component\01. Transform">
      <UniqueIdentifier>{ed9abbd9-2282-4a12-937c-653bd45bcd67}</UniqueIdentifier>
    </Filter>
    <Filter Include="07. Component\02. Camera">
      <UniqueIdentifier>{9d61e110-1949-47ea-a218-6da982ad3fdd}</UniqueIdentifier>
    </Filter>
    <Filter Include="07. Component\03. Collider2D">
      <UniqueIdentifier>{618b6106-d826-44d0-9c5b-06efb464fb82}</UniqueIdentifier>
    </Filter>
    <Filter Include="07. Component\04. FlipbookPlayer">
      <UniqueIdentifier>{c09dc9cc-d8e6-412a-ad8e-0f28801a74e0}</UniqueIdentifier>
    </Filter>
    <Filter Include="07. Component\05. Light2D">
      <UniqueIdentifier>{64df939d-41c6-428f-ab5f-0877162ec06f}</UniqueIdentifier>
    </Filter>
    <Filter Include="07. Component\RenderComponent">
      <UniqueIdentifier>{050fb9d8-79ea-4798-8caa-89d01f232051}</UniqueIdentifier>
    </Filter>
    <Filter Include="07. Component\Script">
      <UniqueIdentifier>{b85c1b95-2dc2-4ffd-9d94-6698487fb4f6}</UniqueIdentifier>
    </Filter>
    <Filter Include="07. Component\RenderComponent\01. MeshRender">
      <UniqueIdentifier>{78ea2c30-7087-45fc-90e4-2567e20b4f46}</UniqueIdentifier>
    </Filter>
    <Filter Include="07. Component\RenderComponent\02. TileMap">
      <UniqueIdentifier>{afe4035d-40a4-4165-8cf5-72d2a53eb853}</UniqueIdentifier>
    </Filter>
    <Filter Include="04. Manager\05. LevelMgr">
      <UniqueIdentifier>{0c3c01fa-e0fb-46eb-84ef-c666caf550b3}</UniqueIdentifier>
    </Filter>
    <Filter Include="04. Manager\04. AssetMgr">
      <UniqueIdentifier>{064c8e64-6a25-411d-a557-916b439b3528}</UniqueIdentifier>
    </Filter>
    <Filter Include="04. Manager\03. KeyMgr">
      <UniqueIdentifier>{2bd837a0-a812-486a-8c83-df0e1277e1bd}</UniqueIdentifier>
    </Filter>
    <Filter Include="04. Manager\02. TimeMgr">
      <UniqueIdentifier>{a3734c35-336c-48f4-a5c0-3a4ceacdc33c}</UniqueIdentifier>
    </Filter>
    <Filter Include="04. Manager\01. PathMgr">
      <UniqueIdentifier>{efec3901-8951-4fde-a4eb-c4a6d0cf0141}</UniqueIdentifier>
    </Filter>
    <Filter Include="04. Manager\06. CollisionMgr">
      <UniqueIdentifier>{5155645a-2be0-4dfa-9868-888ac24b0900}</UniqueIdentifier>
    </Filter>
    <Filter Include="04. Manager\07. RenderMgr">
      <UniqueIdentifier>{bb1401cf-b1ae-40d3-bc23-b456e5a1e7b0}</UniqueIdentifier>
    </Filter>
    <Filter Include="Module\Temp">
      <UniqueIdentifier>{f0dfcc40-d344-4ff1-a6c3-e8b34dabf372}</UniqueIdentifier>
    </Filter>
    <Filter Include="07. Component\RenderComponent\03. ParticleSystem">
      <UniqueIdentifier>{b02d0973-3543-4cf6-aaa7-0c277ca37379}</UniqueIdentifier>
    </Filter>
    <Filter Include="HLSL\03. Compute\ClearColor">
      <UniqueIdentifier>{4715408c-bfed-4dc2-80dd-16e901675119}</UniqueIdentifier>
    </Filter>
    <Filter Include="HLSL\03. Compute\ParticleTick">
      <UniqueIdentifier>{c05417b6-6d28-420d-bb53-aa2d72ec6c25}</UniqueIdentifier>
    </Filter>
    <Filter Include="07. Component\06. RigidBody2D">
      <UniqueIdentifier>{e4905739-cb6c-45c7-b88f-6f28af525a46}</UniqueIdentifier>
    </Filter>
    <Filter Include="04. Manager\09. FontMgr">
      <UniqueIdentifier>{e6d11abe-f88b-4f92-8ce2-7be0dcc74381}</UniqueIdentifier>
    </Filter>
    <Filter Include="07. Component\07. StateMachine">
      <UniqueIdentifier>{c7957016-af9d-4d85-9067-f38384966fd7}</UniqueIdentifier>
    </Filter>
    <Filter Include="07. Component\07. StateMachine\State">
      <UniqueIdentifier>{1f1c4b74-b478-4258-9872-3ff888a6e42e}</UniqueIdentifier>
    </Filter>
    <Filter Include="04. Manager\10. SoundMgr">
      <UniqueIdentifier>{cc0b64b1-6568-4642-9aa4-45d0a3842854}</UniqueIdentifier>
    </Filter>
    <Filter Include="04. Manager\11. DataMgr">
      <UniqueIdentifier>{2ef0f90e-d9b0-4dfb-9060-fb4a2305da1a}</UniqueIdentifier>
    </Filter>
  </ItemGroup>
  <ItemGroup>
    <ClInclude Include="pch.h">
      <Filter>00.Default</Filter>
    </ClInclude>
    <ClInclude Include="framework.h">
      <Filter>00.Default</Filter>
    </ClInclude>
    <ClInclude Include="singleton.h">
      <Filter>01. Header</Filter>
    </ClInclude>
    <ClInclude Include="CEngine.h">
      <Filter>02. Engine</Filter>
    </ClInclude>
    <ClInclude Include="global.h">
      <Filter>01. Header</Filter>
    </ClInclude>
    <ClInclude Include="define.h">
      <Filter>01. Header</Filter>
    </ClInclude>
    <ClInclude Include="enum.h">
      <Filter>01. Header</Filter>
    </ClInclude>
    <ClInclude Include="struct.h">
      <Filter>01. Header</Filter>
    </ClInclude>
    <ClInclude Include="SimpleMath.h">
      <Filter>Module</Filter>
    </ClInclude>
    <ClInclude Include="CDevice.h">
      <Filter>03. Device</Filter>
    </ClInclude>
    <ClInclude Include="CKeyMgr.h">
      <Filter>04. Manager\03. KeyMgr</Filter>
    </ClInclude>
    <ClInclude Include="CPathMgr.h">
      <Filter>04. Manager\01. PathMgr</Filter>
    </ClInclude>
    <ClInclude Include="CTimeMgr.h">
      <Filter>04. Manager\02. TimeMgr</Filter>
    </ClInclude>
    <ClInclude Include="CEntity.h">
      <Filter>Module</Filter>
    </ClInclude>
    <ClInclude Include="CAsset.h">
      <Filter>08. Asset</Filter>
    </ClInclude>
    <ClInclude Include="CMesh.h">
      <Filter>08. Asset\01. Mesh</Filter>
    </ClInclude>
    <ClInclude Include="CShader.h">
      <Filter>08. Asset\Shader</Filter>
    </ClInclude>
    <ClInclude Include="CGraphicShader.h">
      <Filter>08. Asset\Shader\01. GraphicShader</Filter>
    </ClInclude>
    <ClInclude Include="CConstBuffer.h">
      <Filter>03. Device\ConstBuffer</Filter>
    </ClInclude>
    <ClInclude Include="Ptr.h">
      <Filter>Module</Filter>
    </ClInclude>
    <ClInclude Include="CAssetMgr.h">
      <Filter>04. Manager\04. AssetMgr</Filter>
    </ClInclude>
    <ClInclude Include="assets.h">
      <Filter>01. Header</Filter>
    </ClInclude>
    <ClInclude Include="CTransform.h">
      <Filter>07. Component\01. Transform</Filter>
    </ClInclude>
    <ClInclude Include="CGameObject.h">
      <Filter>06. GameObject</Filter>
    </ClInclude>
    <ClInclude Include="CComponent.h">
      <Filter>07. Component</Filter>
    </ClInclude>
    <ClInclude Include="components.h">
      <Filter>01. Header</Filter>
    </ClInclude>
    <ClInclude Include="func.h">
      <Filter>01. Header</Filter>
    </ClInclude>
    <ClInclude Include="CMeshRender.h">
      <Filter>07. Component\RenderComponent\01. MeshRender</Filter>
    </ClInclude>
    <ClInclude Include="CScript.h">
      <Filter>07. Component\Script</Filter>
    </ClInclude>
    <ClInclude Include="CLevelMgr.h">
      <Filter>04. Manager\05. LevelMgr</Filter>
    </ClInclude>
    <ClInclude Include="CLevel.h">
      <Filter>05. Level</Filter>
    </ClInclude>
    <ClInclude Include="CLayer.h">
      <Filter>05. Level</Filter>
    </ClInclude>
    <ClInclude Include="Temp.h">
      <Filter>Module\Temp</Filter>
    </ClInclude>
    <ClInclude Include="CCamera.h">
      <Filter>07. Component\02. Camera</Filter>
    </ClInclude>
    <ClInclude Include="CRenderMgr.h">
      <Filter>04. Manager\07. RenderMgr</Filter>
    </ClInclude>
    <ClInclude Include="CTexture.h">
      <Filter>08. Asset\03. Texture</Filter>
    </ClInclude>
    <ClInclude Include="CMaterial.h">
      <Filter>08. Asset\08. Material</Filter>
    </ClInclude>
    <ClInclude Include="CRenderComponent.h">
      <Filter>07. Component\RenderComponent</Filter>
    </ClInclude>
    <ClInclude Include="CCollider2D.h">
      <Filter>07. Component\03. Collider2D</Filter>
    </ClInclude>
    <ClInclude Include="CCollisionMgr.h">
      <Filter>04. Manager\06. CollisionMgr</Filter>
    </ClInclude>
    <ClInclude Include="CTaskMgr.h">
      <Filter>04. Manager\08. TaskMgr</Filter>
    </ClInclude>
    <ClInclude Include="CFlipbookPlayer.h">
      <Filter>07. Component\04. FlipbookPlayer</Filter>
    </ClInclude>
    <ClInclude Include="CFlipbook.h">
      <Filter>08. Asset\06. FlipBook</Filter>
    </ClInclude>
    <ClInclude Include="CSprite.h">
      <Filter>08. Asset\07. Sprite</Filter>
    </ClInclude>
    <ClInclude Include="CTileMap.h">
      <Filter>07. Component\RenderComponent\02. TileMap</Filter>
    </ClInclude>
    <ClInclude Include="CStructuredBuffer.h">
      <Filter>03. Device\StructureBuffer</Filter>
    </ClInclude>
    <ClInclude Include="CLight2D.h">
      <Filter>07. Component\05. Light2D</Filter>
    </ClInclude>
    <ClInclude Include="CComputeShader.h">
      <Filter>08. Asset\Shader\02. ComputeShader</Filter>
    </ClInclude>
    <ClInclude Include="CParticleSystem.h">
      <Filter>07. Component\RenderComponent\03. ParticleSystem</Filter>
    </ClInclude>
    <ClInclude Include="CClearColorCS.h">
      <Filter>HLSL\03. Compute\ClearColor</Filter>
    </ClInclude>
    <ClInclude Include="CParticleTickCS.h">
      <Filter>HLSL\03. Compute\ParticleTick</Filter>
    </ClInclude>
    <ClInclude Include="CRigidBody2D.h">
      <Filter>07. Component\06. RigidBody2D</Filter>
    </ClInclude>
    <ClInclude Include="CPrefab.h">
      <Filter>08. Asset\05. Prefab</Filter>
    </ClInclude>
    <ClInclude Include="CSound.h">
      <Filter>08. Asset\04. Sound</Filter>
    </ClInclude>
    <ClInclude Include="CFontMgr.h">
      <Filter>04. Manager\09. FontMgr</Filter>
    </ClInclude>
    <ClInclude Include="CStateMachine.h">
      <Filter>07. Component\07. StateMachine</Filter>
    </ClInclude>
    <ClInclude Include="CState.h">
      <Filter>07. Component\07. StateMachine\State</Filter>
    </ClInclude>
    <ClInclude Include="CSoundMgr.h">
      <Filter>04. Manager\10. SoundMgr</Filter>
    </ClInclude>
    <ClInclude Include="CDataMgr.h">
      <Filter>04. Manager\11. DataMgr</Filter>
    </ClInclude>
  </ItemGroup>
  <ItemGroup>
    <ClCompile Include="Engine.cpp">
      <Filter>00.Default</Filter>
    </ClCompile>
    <ClCompile Include="pch.cpp">
      <Filter>00.Default</Filter>
    </ClCompile>
    <ClCompile Include="CEngine.cpp">
      <Filter>02. Engine</Filter>
    </ClCompile>
    <ClCompile Include="CDevice.cpp">
      <Filter>03. Device</Filter>
    </ClCompile>
    <ClCompile Include="CKeyMgr.cpp">
      <Filter>04. Manager\03. KeyMgr</Filter>
    </ClCompile>
    <ClCompile Include="CPathMgr.cpp">
      <Filter>04. Manager\01. PathMgr</Filter>
    </ClCompile>
    <ClCompile Include="CTimeMgr.cpp">
      <Filter>04. Manager\02. TimeMgr</Filter>
    </ClCompile>
    <ClCompile Include="CEntity.cpp">
      <Filter>Module</Filter>
    </ClCompile>
    <ClCompile Include="CAsset.cpp">
      <Filter>08. Asset</Filter>
    </ClCompile>
    <ClCompile Include="CMesh.cpp">
      <Filter>08. Asset\01. Mesh</Filter>
    </ClCompile>
    <ClCompile Include="CShader.cpp">
      <Filter>08. Asset\Shader</Filter>
    </ClCompile>
    <ClCompile Include="CGraphicShader.cpp">
      <Filter>08. Asset\Shader\01. GraphicShader</Filter>
    </ClCompile>
    <ClCompile Include="CConstBuffer.cpp">
      <Filter>03. Device\ConstBuffer</Filter>
    </ClCompile>
    <ClCompile Include="CAssetMgr.cpp">
      <Filter>04. Manager\04. AssetMgr</Filter>
    </ClCompile>
    <ClCompile Include="CGameObject.cpp">
      <Filter>06. GameObject</Filter>
    </ClCompile>
    <ClCompile Include="CTransform.cpp">
      <Filter>07. Component\01. Transform</Filter>
    </ClCompile>
    <ClCompile Include="CComponent.cpp">
      <Filter>07. Component</Filter>
    </ClCompile>
    <ClCompile Include="func.cpp">
      <Filter>01. Header</Filter>
    </ClCompile>
    <ClCompile Include="CMeshRender.cpp">
      <Filter>07. Component\RenderComponent\01. MeshRender</Filter>
    </ClCompile>
    <ClCompile Include="CScript.cpp">
      <Filter>07. Component\Script</Filter>
    </ClCompile>
    <ClCompile Include="CLevelMgr.cpp">
      <Filter>04. Manager\05. LevelMgr</Filter>
    </ClCompile>
    <ClCompile Include="CLevel.cpp">
      <Filter>05. Level</Filter>
    </ClCompile>
    <ClCompile Include="CLayer.cpp">
      <Filter>05. Level</Filter>
    </ClCompile>
    <ClCompile Include="Temp.cpp">
      <Filter>Module\Temp</Filter>
    </ClCompile>
    <ClCompile Include="CCamera.cpp">
      <Filter>07. Component\02. Camera</Filter>
    </ClCompile>
    <ClCompile Include="extern.cpp">
      <Filter>01. Header</Filter>
    </ClCompile>
    <ClCompile Include="CRenderMgr.cpp">
      <Filter>04. Manager\07. RenderMgr</Filter>
    </ClCompile>
    <ClCompile Include="CTexture.cpp">
      <Filter>08. Asset\03. Texture</Filter>
    </ClCompile>
    <ClCompile Include="CMaterial.cpp">
      <Filter>08. Asset\08. Material</Filter>
    </ClCompile>
    <ClCompile Include="CRenderComponent.cpp">
      <Filter>07. Component\RenderComponent</Filter>
    </ClCompile>
    <ClCompile Include="CCollider2D.cpp">
      <Filter>07. Component\03. Collider2D</Filter>
    </ClCompile>
    <ClCompile Include="CCollisionMgr.cpp">
      <Filter>04. Manager\06. CollisionMgr</Filter>
    </ClCompile>
    <ClCompile Include="CTaskMgr.cpp">
      <Filter>04. Manager\08. TaskMgr</Filter>
    </ClCompile>
    <ClCompile Include="CFlipbookPlayer.cpp">
      <Filter>07. Component\04. FlipbookPlayer</Filter>
    </ClCompile>
    <ClCompile Include="CFlipbook.cpp">
      <Filter>08. Asset\06. FlipBook</Filter>
    </ClCompile>
    <ClCompile Include="CSprite.cpp">
      <Filter>08. Asset\07. Sprite</Filter>
    </ClCompile>
    <ClCompile Include="CTileMap.cpp">
      <Filter>07. Component\RenderComponent\02. TileMap</Filter>
    </ClCompile>
    <ClCompile Include="CStructuredBuffer.cpp">
      <Filter>03. Device\StructureBuffer</Filter>
    </ClCompile>
    <ClCompile Include="CAssetMgr_Init.cpp">
      <Filter>04. Manager\04. AssetMgr</Filter>
    </ClCompile>
    <ClCompile Include="CLight2D.cpp">
      <Filter>07. Component\05. Light2D</Filter>
    </ClCompile>
    <ClCompile Include="CComputeShader.cpp">
      <Filter>08. Asset\Shader\02. ComputeShader</Filter>
    </ClCompile>
    <ClCompile Include="CParticleSystem.cpp">
      <Filter>07. Component\RenderComponent\03. ParticleSystem</Filter>
    </ClCompile>
    <ClCompile Include="CClearColorCS.cpp">
      <Filter>HLSL\03. Compute\ClearColor</Filter>
    </ClCompile>
    <ClCompile Include="CParticleTickCS.cpp">
      <Filter>HLSL\03. Compute\ParticleTick</Filter>
    </ClCompile>
    <ClCompile Include="CRigidBody2D.cpp">
      <Filter>07. Component\06. RigidBody2D</Filter>
    </ClCompile>
    <ClCompile Include="CPrefab.cpp">
      <Filter>08. Asset\05. Prefab</Filter>
    </ClCompile>
    <ClCompile Include="CSound.cpp">
      <Filter>08. Asset\04. Sound</Filter>
    </ClCompile>
    <ClCompile Include="CFontMgr.cpp">
      <Filter>04. Manager\09. FontMgr</Filter>
    </ClCompile>
    <ClCompile Include="CStateMachine.cpp">
      <Filter>07. Component\07. StateMachine</Filter>
    </ClCompile>
    <ClCompile Include="CState.cpp">
      <Filter>07. Component\07. StateMachine\State</Filter>
    </ClCompile>
    <ClCompile Include="CSoundMgr.cpp">
      <Filter>04. Manager\10. SoundMgr</Filter>
    </ClCompile>
    <ClCompile Include="CDataMgr.cpp">
      <Filter>04. Manager\11. DataMgr</Filter>
    </ClCompile>
  </ItemGroup>
  <ItemGroup>
    <None Include="SimpleMath.inl">
      <Filter>Module</Filter>
    </None>
    <None Include="ClassDiagram.cd" />
  </ItemGroup>
  <ItemGroup>
    <FxCompile Include="value.fx">
      <Filter>HLSL\01. Header</Filter>
    </FxCompile>
    <FxCompile Include="debug.fx">
      <Filter>HLSL\02. Render</Filter>
    </FxCompile>
    <FxCompile Include="std2d.fx">
      <Filter>HLSL\02. Render</Filter>
    </FxCompile>
    <FxCompile Include="func.fx">
      <Filter>HLSL\01. Header</Filter>
    </FxCompile>
    <FxCompile Include="struct.fx">
      <Filter>HLSL\01. Header</Filter>
    </FxCompile>
    <FxCompile Include="shader.fx">
      <Filter>Module\Temp</Filter>
    </FxCompile>
    <FxCompile Include="tilemap.fx">
      <Filter>HLSL\02. Render</Filter>
    </FxCompile>
    <FxCompile Include="postprocess.fx">
      <Filter>HLSL\02. Render</Filter>
    </FxCompile>
    <FxCompile Include="particle.fx">
      <Filter>HLSL\02. Render</Filter>
    </FxCompile>
    <FxCompile Include="test.fx">
      <Filter>HLSL\03. Compute\ClearColor</Filter>
    </FxCompile>
    <FxCompile Include="particle_tick.fx">
      <Filter>HLSL\03. Compute\ParticleTick</Filter>
    </FxCompile>
  </ItemGroup>
</Project>